PODS:
  - Appirater (2.0.5)
  - BlocksKit (2.2.5):
    - BlocksKit/All (= 2.2.5)
  - BlocksKit/All (2.2.5):
    - BlocksKit/Core
    - BlocksKit/DynamicDelegate
    - BlocksKit/MessageUI
    - BlocksKit/UIKit
  - BlocksKit/Core (2.2.5)
  - BlocksKit/DynamicDelegate (2.2.5)
  - BlocksKit/MessageUI (2.2.5):
    - BlocksKit/Core
    - BlocksKit/DynamicDelegate
  - BlocksKit/UIKit (2.2.5):
    - BlocksKit/Core
    - BlocksKit/DynamicDelegate
  - Masonry (0.6.1)
  - MBProgressHUD (0.9.1)
  - REFormattedNumberField (1.1.5)
  - RESideMenu (4.0.7)
  - RETableViewManager (1.6):
    - REFormattedNumberField (~> 1.1.5)
    - REValidation (~> 0.1.4)
  - REValidation (0.1.4)
  - ShareSDK/Copy (2.11.0):
    - ShareSDK/Core
  - ShareSDK/Core (2.11.0)
  - ShareSDK/EverNote (2.11.0):
    - ShareSDK/Core
  - ShareSDK/Frequent (2.11.0):
    - ShareSDK/Copy
    - ShareSDK/Mail
    - ShareSDK/QQConnect
    - ShareSDK/QZone
    - ShareSDK/SinaWeibo
    - ShareSDK/UI/Flat
    - ShareSDK/UI/ShareActionSheet
    - ShareSDK/WeChat
  - ShareSDK/Mail (2.11.0):
    - ShareSDK/Core
  - ShareSDK/Normal (2.11.0):
    - ShareSDK/EverNote
    - ShareSDK/Frequent
    - ShareSDK/Pocket
  - ShareSDK/Pocket (2.11.0):
    - ShareSDK/Core
  - ShareSDK/QQConnect (2.11.0):
    - ShareSDK/Core
  - ShareSDK/QZone (2.11.0):
    - ShareSDK/QQConnect
  - ShareSDK/SinaWeibo (2.11.0):
    - ShareSDK/Core
  - ShareSDK/UI/Flat (2.11.0)
  - ShareSDK/UI/ShareActionSheet (2.11.0)
  - ShareSDK/WeChat (2.11.0):
    - ShareSDK/Core
  - TPKeyboardAvoiding (1.2.6)
  - UMAnalytics (3.5.9)
  - UMFeedback (2.1.1)

DEPENDENCIES:
  - Appirater
  - BlocksKit
  - Masonry
  - MBProgressHUD
  - RESideMenu
  - RETableViewManager
  - ShareSDK/Normal
  - TPKeyboardAvoiding
  - UMAnalytics
  - UMFeedback

SPEC CHECKSUMS:
  Appirater: e7c0a47fb67ee5041ce8479e6ba960927fb40264
  BlocksKit: 7f422b971407001178d181a43b99014ea2591fe6
  Masonry: 4972309f2f134de9dd312f4dc4a21359b50e6caa
  MBProgressHUD: c47f2c166c126cf2ce36498d80f33e754d4e93ad
  REFormattedNumberField: be3d55dd709f65541fb26b7e1709da07903147f8
  RESideMenu: f24c508404b49c667344c54aba7e590883533958
  RETableViewManager: 9667ecb29c005c32df40a1dd1828224840a351a2
  REValidation: 38c4de1be58455f8b00aab208ac80db316a66b7f
  ShareSDK: 9dfac7cb9a4cafdfa060cb9989dfdc94c8fa7540
  TPKeyboardAvoiding: ee4dd35e3bb7bb64bfbda47e7cc9ba872ff10f77
  UMAnalytics: 8c24fb67541ca9621337668dc08167e716cb6224
  UMFeedback: 7f9e82d5bd86223f7b7f8b7a0215b896ba2357fd

COCOAPODS: 0.37.2
