PODS:
  - Appirater (2.0.4)
  - BlocksKit (2.2.5):
    - BlocksKit/All (= 2.2.5)
  - BlocksKit/All (2.2.5):
    - BlocksKit/Core
    - BlocksKit/DynamicDelegate
    - BlocksKit/MessageUI
    - BlocksKit/UIKit
  - BlocksKit/Core (2.2.5)
  - BlocksKit/DynamicDelegate (2.2.5)
  - BlocksKit/MessageUI (2.2.5):
    - BlocksKit/Core
    - BlocksKit/DynamicDelegate
  - BlocksKit/UIKit (2.2.5):
    - BlocksKit/Core
    - BlocksKit/DynamicDelegate
  - Masonry (0.6.1)
  - MBProgressHUD (0.9)
  - REFormattedNumberField (1.1.5)
  - RESideMenu (4.0.7)
  - RETableViewManager (1.5.14):
    - REFormattedNumberField (~> 1.1.5)
    - REValidation (~> 0.1.4)
  - REValidation (0.1.4)
  - ShareSDK/Copy (2.10.6):
    - ShareSDK/Core
  - ShareSDK/Core (2.10.6)
  - ShareSDK/EverNote (2.10.6):
    - ShareSDK/Core
  - ShareSDK/Lite (2.10.6):
    - ShareSDK/Copy
    - ShareSDK/Mail
    - ShareSDK/QQConnect
    - ShareSDK/QZone
    - ShareSDK/WeChat
    - ShareSDK/Weibo
  - ShareSDK/Mail (2.10.6):
    - ShareSDK/Core
  - ShareSDK/Normal (2.10.6):
    - ShareSDK/EverNote
    - ShareSDK/Lite
    - ShareSDK/Pocket
    - ShareSDK/YouDaoNote
  - ShareSDK/Pocket (2.10.6):
    - ShareSDK/Core
  - ShareSDK/QQConnect (2.10.6):
    - ShareSDK/Core
  - ShareSDK/QZone (2.10.6):
    - ShareSDK/Core
  - ShareSDK/SinaWeibo (2.10.6):
    - ShareSDK/Core
  - ShareSDK/TencentWeibo (2.10.6):
    - ShareSDK/Core
  - ShareSDK/UI (2.10.6):
    - ShareSDK/UI/Full (= 2.10.6)
  - ShareSDK/UI/Flat (2.10.6)
  - ShareSDK/UI/Full (2.10.6):
    - ShareSDK/UI/Flat
    - ShareSDK/UI/iPadDefault
    - ShareSDK/UI/iPadSimple
    - ShareSDK/UI/iPhoneAppRecommend
    - ShareSDK/UI/iPhoneDefault
    - ShareSDK/UI/iPhoneSimple
    - ShareSDK/UI/ShareActionSheet
  - ShareSDK/UI/iPadDefault (2.10.6)
  - ShareSDK/UI/iPadSimple (2.10.6)
  - ShareSDK/UI/iPhoneAppRecommend (2.10.6)
  - ShareSDK/UI/iPhoneDefault (2.10.6)
  - ShareSDK/UI/iPhoneSimple (2.10.6)
  - ShareSDK/UI/ShareActionSheet (2.10.6)
  - ShareSDK/WeChat (2.10.6):
    - ShareSDK/Core
  - ShareSDK/Weibo (2.10.6):
    - ShareSDK/Core
    - ShareSDK/SinaWeibo
    - ShareSDK/TencentWeibo
    - ShareSDK/UI
  - ShareSDK/YouDaoNote (2.10.6):
    - ShareSDK/Core
  - TPKeyboardAvoiding (1.2.6)
  - UMAnalytics (3.1.9)
  - UMFeedback (2.1)

DEPENDENCIES:
  - Appirater
  - BlocksKit
  - Masonry
  - MBProgressHUD
  - RESideMenu
  - RETableViewManager
  - ShareSDK/Normal
  - TPKeyboardAvoiding
  - UMAnalytics
  - UMFeedback

SPEC CHECKSUMS:
  Appirater: cbdb7f305562cfde585300bfff86da01ae559deb
  BlocksKit: 4439e7f30a9f90743462ca63545a15c1f4304cef
  Masonry: 2cb49fd14d203d2db5ca6bb017135b235dde9980
  MBProgressHUD: 2038dbcf3dce73215abed6001657043d53aa79a8
  REFormattedNumberField: 86318c549b60130a6d7a05abebb142f08f671319
  RESideMenu: a9c1cd2e64e60e1d3166ddac01a83e215a0e4d30
  RETableViewManager: 62cab967dd2d24545283cf4751e94c222268533a
  REValidation: a0033a582415848854e875dfcbe69c107de19f81
  ShareSDK: 796aeb7a16d19ef29a644c6f6a86a46d0ad86f75
  TPKeyboardAvoiding: 0797ad5f2366e2435e605202b01f3b7cff5d82cd
  UMAnalytics: adfc8e3556403cb3470f275e4793c87dc3c53b6d
  UMFeedback: 64911b9038ba07e5a004efc935d4893465c1af7f

COCOAPODS: 0.35.0
